// !$*UTF8*$!
{
	archiveVersion = 1;
	classes = {
	};
	objectVersion = 50;
	objects = {

/* Begin PBXBuildFile section */
		C99CC28824C8809500FB7E69 /* AppDelegate.swift in Sources */ = {isa = PBXBuildFile; fileRef = C99CC28724C8809500FB7E69 /* AppDelegate.swift */; };
		C99CC28A24C8809500FB7E69 /* SceneDelegate.swift in Sources */ = {isa = PBXBuildFile; fileRef = C99CC28924C8809500FB7E69 /* SceneDelegate.swift */; };
		C99CC28C24C8809500FB7E69 /* ViewController.swift in Sources */ = {isa = PBXBuildFile; fileRef = C99CC28B24C8809500FB7E69 /* ViewController.swift */; };
		C99CC28F24C8809500FB7E69 /* Main.storyboard in Resources */ = {isa = PBXBuildFile; fileRef = C99CC28D24C8809500FB7E69 /* Main.storyboard */; };
		C99CC29224C8809500FB7E69 /* StoryBoardIntro.xcdatamodeld in Sources */ = {isa = PBXBuildFile; fileRef = C99CC29024C8809500FB7E69 /* StoryBoardIntro.xcdatamodeld */; };
		C99CC29424C8809600FB7E69 /* Assets.xcassets in Resources */ = {isa = PBXBuildFile; fileRef = C99CC29324C8809600FB7E69 /* Assets.xcassets */; };
		C99CC29724C8809600FB7E69 /* LaunchScreen.storyboard in Resources */ = {isa = PBXBuildFile; fileRef = C99CC29524C8809600FB7E69 /* LaunchScreen.storyboard */; };
		C99CC2A224C8809600FB7E69 /* StoryBoardIntroTests.swift in Sources */ = {isa = PBXBuildFile; fileRef = C99CC2A124C8809600FB7E69 /* StoryBoardIntroTests.swift */; };
		C99CC2AD24C8809600FB7E69 /* StoryBoardIntroUITests.swift in Sources */ = {isa = PBXBuildFile; fileRef = C99CC2AC24C8809600FB7E69 /* StoryBoardIntroUITests.swift */; };
/* End PBXBuildFile section */

/* Begin PBXContainerItemProxy section */
		C99CC29E24C8809600FB7E69 /* PBXContainerItemProxy */ = {
			isa = PBXContainerItemProxy;
			containerPortal = C99CC27C24C8809500FB7E69 /* Project object */;
			proxyType = 1;
			remoteGlobalIDString = C99CC28324C8809500FB7E69;
			remoteInfo = StoryBoardIntro;
		};
		C99CC2A924C8809600FB7E69 /* PBXContainerItemProxy */ = {
			isa = PBXContainerItemProxy;
			containerPortal = C99CC27C24C8809500FB7E69 /* Project object */;
			proxyType = 1;
			remoteGlobalIDString = C99CC28324C8809500FB7E69;
			remoteInfo = StoryBoardIntro;
		};
/* End PBXContainerItemProxy section */

/* Begin PBXFileReference section */
		C99CC28424C8809500FB7E69 /* StoryBoardIntro.app */ = {isa = PBXFileReference; explicitFileType = wrapper.application; includeInIndex = 0; path = StoryBoardIntro.app; sourceTree = BUILT_PRODUCTS_DIR; };
		C99CC28724C8809500FB7E69 /* AppDelegate.swift */ = {isa = PBXFileReference; lastKnownFileType = sourcecode.swift; path = AppDelegate.swift; sourceTree = "<group>"; };
		C99CC28924C8809500FB7E69 /* SceneDelegate.swift */ = {isa = PBXFileReference; lastKnownFileType = sourcecode.swift; path = SceneDelegate.swift; sourceTree = "<group>"; };
		C99CC28B24C8809500FB7E69 /* ViewController.swift */ = {isa = PBXFileReference; lastKnownFileType = sourcecode.swift; path = ViewController.swift; sourceTree = "<group>"; };
		C99CC28E24C8809500FB7E69 /* Base */ = {isa = PBXFileReference; lastKnownFileType = file.storyboard; name = Base; path = Base.lproj/Main.storyboard; sourceTree = "<group>"; };
		C99CC29124C8809500FB7E69 /* StoryBoardIntro.xcdatamodel */ = {isa = PBXFileReference; lastKnownFileType = wrapper.xcdatamodel; path = StoryBoardIntro.xcdatamodel; sourceTree = "<group>"; };
		C99CC29324C8809600FB7E69 /* Assets.xcassets */ = {isa = PBXFileReference; lastKnownFileType = folder.assetcatalog; path = Assets.xcassets; sourceTree = "<group>"; };
		C99CC29624C8809600FB7E69 /* Base */ = {isa = PBXFileReference; lastKnownFileType = file.storyboard; name = Base; path = Base.lproj/LaunchScreen.storyboard; sourceTree = "<group>"; };
		C99CC29824C8809600FB7E69 /* Info.plist */ = {isa = PBXFileReference; lastKnownFileType = text.plist.xml; path = Info.plist; sourceTree = "<group>"; };
		C99CC29D24C8809600FB7E69 /* StoryBoardIntroTests.xctest */ = {isa = PBXFileReference; explicitFileType = wrapper.cfbundle; includeInIndex = 0; path = StoryBoardIntroTests.xctest; sourceTree = BUILT_PRODUCTS_DIR; };
		C99CC2A124C8809600FB7E69 /* StoryBoardIntroTests.swift */ = {isa = PBXFileReference; lastKnownFileType = sourcecode.swift; path = StoryBoardIntroTests.swift; sourceTree = "<group>"; };
		C99CC2A324C8809600FB7E69 /* Info.plist */ = {isa = PBXFileReference; lastKnownFileType = text.plist.xml; path = Info.plist; sourceTree = "<group>"; };
		C99CC2A824C8809600FB7E69 /* StoryBoardIntroUITests.xctest */ = {isa = PBXFileReference; explicitFileType = wrapper.cfbundle; includeInIndex = 0; path = StoryBoardIntroUITests.xctest; sourceTree = BUILT_PRODUCTS_DIR; };
		C99CC2AC24C8809600FB7E69 /* StoryBoardIntroUITests.swift */ = {isa = PBXFileReference; lastKnownFileType = sourcecode.swift; path = StoryBoardIntroUITests.swift; sourceTree = "<group>"; };
		C99CC2AE24C8809600FB7E69 /* Info.plist */ = {isa = PBXFileReference; lastKnownFileType = text.plist.xml; path = Info.plist; sourceTree = "<group>"; };
/* End PBXFileReference section */

/* Begin PBXFrameworksBuildPhase section */
		C99CC28124C8809500FB7E69 /* Frameworks */ = {
			isa = PBXFrameworksBuildPhase;
			buildActionMask = 2147483647;
			files = (
			);
			runOnlyForDeploymentPostprocessing = 0;
		};
		C99CC29A24C8809600FB7E69 /* Frameworks */ = {
			isa = PBXFrameworksBuildPhase;
			buildActionMask = 2147483647;
			files = (
			);
			runOnlyForDeploymentPostprocessing = 0;
		};
		C99CC2A524C8809600FB7E69 /* Frameworks */ = {
			isa = PBXFrameworksBuildPhase;
			buildActionMask = 2147483647;
			files = (
			);
			runOnlyForDeploymentPostprocessing = 0;
		};
/* End PBXFrameworksBuildPhase section */

/* Begin PBXGroup section */
		C99CC27B24C8809500FB7E69 = {
			isa = PBXGroup;
			children = (
				C99CC28624C8809500FB7E69 /* StoryBoardIntro */,
				C99CC2A024C8809600FB7E69 /* StoryBoardIntroTests */,
				C99CC2AB24C8809600FB7E69 /* StoryBoardIntroUITests */,
				C99CC28524C8809500FB7E69 /* Products */,
			);
			sourceTree = "<group>";
		};
		C99CC28524C8809500FB7E69 /* Products */ = {
			isa = PBXGroup;
			children = (
				C99CC28424C8809500FB7E69 /* StoryBoardIntro.app */,
				C99CC29D24C8809600FB7E69 /* StoryBoardIntroTests.xctest */,
				C99CC2A824C8809600FB7E69 /* StoryBoardIntroUITests.xctest */,
			);
			name = Products;
			sourceTree = "<group>";
		};
		C99CC28624C8809500FB7E69 /* StoryBoardIntro */ = {
			isa = PBXGroup;
			children = (
				C99CC28724C8809500FB7E69 /* AppDelegate.swift */,
				C99CC28924C8809500FB7E69 /* SceneDelegate.swift */,
				C99CC28B24C8809500FB7E69 /* ViewController.swift */,
				C99CC28D24C8809500FB7E69 /* Main.storyboard */,
				C99CC29324C8809600FB7E69 /* Assets.xcassets */,
				C99CC29524C8809600FB7E69 /* LaunchScreen.storyboard */,
				C99CC29824C8809600FB7E69 /* Info.plist */,
				C99CC29024C8809500FB7E69 /* StoryBoardIntro.xcdatamodeld */,
			);
			path = StoryBoardIntro;
			sourceTree = "<group>";
		};
		C99CC2A024C8809600FB7E69 /* StoryBoardIntroTests */ = {
			isa = PBXGroup;
			children = (
				C99CC2A124C8809600FB7E69 /* StoryBoardIntroTests.swift */,
				C99CC2A324C8809600FB7E69 /* Info.plist */,
			);
			path = StoryBoardIntroTests;
			sourceTree = "<group>";
		};
		C99CC2AB24C8809600FB7E69 /* StoryBoardIntroUITests */ = {
			isa = PBXGroup;
			children = (
				C99CC2AC24C8809600FB7E69 /* StoryBoardIntroUITests.swift */,
				C99CC2AE24C8809600FB7E69 /* Info.plist */,
			);
			path = StoryBoardIntroUITests;
			sourceTree = "<group>";
		};
/* End PBXGroup section */

/* Begin PBXNativeTarget section */
		C99CC28324C8809500FB7E69 /* StoryBoardIntro */ = {
			isa = PBXNativeTarget;
			buildConfigurationList = C99CC2B124C8809600FB7E69 /* Build configuration list for PBXNativeTarget "StoryBoardIntro" */;
			buildPhases = (
				C99CC28024C8809500FB7E69 /* Sources */,
				C99CC28124C8809500FB7E69 /* Frameworks */,
				C99CC28224C8809500FB7E69 /* Resources */,
			);
			buildRules = (
			);
			dependencies = (
			);
			name = StoryBoardIntro;
			productName = StoryBoardIntro;
			productReference = C99CC28424C8809500FB7E69 /* StoryBoardIntro.app */;
			productType = "com.apple.product-type.application";
		};
		C99CC29C24C8809600FB7E69 /* StoryBoardIntroTests */ = {
			isa = PBXNativeTarget;
			buildConfigurationList = C99CC2B424C8809600FB7E69 /* Build configuration list for PBXNativeTarget "StoryBoardIntroTests" */;
			buildPhases = (
				C99CC29924C8809600FB7E69 /* Sources */,
				C99CC29A24C8809600FB7E69 /* Frameworks */,
				C99CC29B24C8809600FB7E69 /* Resources */,
			);
			buildRules = (
			);
			dependencies = (
				C99CC29F24C8809600FB7E69 /* PBXTargetDependency */,
			);
			name = StoryBoardIntroTests;
			productName = StoryBoardIntroTests;
			productReference = C99CC29D24C8809600FB7E69 /* StoryBoardIntroTests.xctest */;
			productType = "com.apple.product-type.bundle.unit-test";
		};
		C99CC2A724C8809600FB7E69 /* StoryBoardIntroUITests */ = {
			isa = PBXNativeTarget;
			buildConfigurationList = C99CC2B724C8809600FB7E69 /* Build configuration list for PBXNativeTarget "StoryBoardIntroUITests" */;
			buildPhases = (
				C99CC2A424C8809600FB7E69 /* Sources */,
				C99CC2A524C8809600FB7E69 /* Frameworks */,
				C99CC2A624C8809600FB7E69 /* Resources */,
			);
			buildRules = (
			);
			dependencies = (
				C99CC2AA24C8809600FB7E69 /* PBXTargetDependency */,
			);
			name = StoryBoardIntroUITests;
			productName = StoryBoardIntroUITests;
			productReference = C99CC2A824C8809600FB7E69 /* StoryBoardIntroUITests.xctest */;
			productType = "com.apple.product-type.bundle.ui-testing";
		};
/* End PBXNativeTarget section */

/* Begin PBXProject section */
		C99CC27C24C8809500FB7E69 /* Project object */ = {
			isa = PBXProject;
			attributes = {
				LastSwiftUpdateCheck = 1160;
				LastUpgradeCheck = 1160;
				ORGANIZATIONNAME = KWK;
				TargetAttributes = {
					C99CC28324C8809500FB7E69 = {
						CreatedOnToolsVersion = 11.6;
					};
					C99CC29C24C8809600FB7E69 = {
						CreatedOnToolsVersion = 11.6;
						TestTargetID = C99CC28324C8809500FB7E69;
					};
					C99CC2A724C8809600FB7E69 = {
						CreatedOnToolsVersion = 11.6;
						TestTargetID = C99CC28324C8809500FB7E69;
					};
				};
			};
			buildConfigurationList = C99CC27F24C8809500FB7E69 /* Build configuration list for PBXProject "StoryBoardIntro" */;
			compatibilityVersion = "Xcode 9.3";
			developmentRegion = en;
			hasScannedForEncodings = 0;
			knownRegions = (
				en,
				Base,
			);
			mainGroup = C99CC27B24C8809500FB7E69;
			productRefGroup = C99CC28524C8809500FB7E69 /* Products */;
			projectDirPath = "";
			projectRoot = "";
			targets = (
				C99CC28324C8809500FB7E69 /* StoryBoardIntro */,
				C99CC29C24C8809600FB7E69 /* StoryBoardIntroTests */,
				C99CC2A724C8809600FB7E69 /* StoryBoardIntroUITests */,
			);
		};
/* End PBXProject section */

/* Begin PBXResourcesBuildPhase section */
		C99CC28224C8809500FB7E69 /* Resources */ = {
			isa = PBXResourcesBuildPhase;
			buildActionMask = 2147483647;
			files = (
				C99CC29724C8809600FB7E69 /* LaunchScreen.storyboard in Resources */,
				C99CC29424C8809600FB7E69 /* Assets.xcassets in Resources */,
				C99CC28F24C8809500FB7E69 /* Main.storyboard in Resources */,
			);
			runOnlyForDeploymentPostprocessing = 0;
		};
		C99CC29B24C8809600FB7E69 /* Resources */ = {
			isa = PBXResourcesBuildPhase;
			buildActionMask = 2147483647;
			files = (
			);
			runOnlyForDeploymentPostprocessing = 0;
		};
		C99CC2A624C8809600FB7E69 /* Resources */ = {
			isa = PBXResourcesBuildPhase;
			buildActionMask = 2147483647;
			files = (
			);
			runOnlyForDeploymentPostprocessing = 0;
		};
/* End PBXResourcesBuildPhase section */

/* Begin PBXSourcesBuildPhase section */
		C99CC28024C8809500FB7E69 /* Sources */ = {
			isa = PBXSourcesBuildPhase;
			buildActionMask = 2147483647;
			files = (
				C99CC28C24C8809500FB7E69 /* ViewController.swift in Sources */,
				C99CC29224C8809500FB7E69 /* StoryBoardIntro.xcdatamodeld in Sources */,
				C99CC28824C8809500FB7E69 /* AppDelegate.swift in Sources */,
				C99CC28A24C8809500FB7E69 /* SceneDelegate.swift in Sources */,
			);
			runOnlyForDeploymentPostprocessing = 0;
		};
		C99CC29924C8809600FB7E69 /* Sources */ = {
			isa = PBXSourcesBuildPhase;
			buildActionMask = 2147483647;
			files = (
				C99CC2A224C8809600FB7E69 /* StoryBoardIntroTests.swift in Sources */,
			);
			runOnlyForDeploymentPostprocessing = 0;
		};
		C99CC2A424C8809600FB7E69 /* Sources */ = {
			isa = PBXSourcesBuildPhase;
			buildActionMask = 2147483647;
			files = (
				C99CC2AD24C8809600FB7E69 /* StoryBoardIntroUITests.swift in Sources */,
			);
			runOnlyForDeploymentPostprocessing = 0;
		};
/* End PBXSourcesBuildPhase section */

/* Begin PBXTargetDependency section */
		C99CC29F24C8809600FB7E69 /* PBXTargetDependency */ = {
			isa = PBXTargetDependency;
			target = C99CC28324C8809500FB7E69 /* StoryBoardIntro */;
			targetProxy = C99CC29E24C8809600FB7E69 /* PBXContainerItemProxy */;
		};
		C99CC2AA24C8809600FB7E69 /* PBXTargetDependency */ = {
			isa = PBXTargetDependency;
			target = C99CC28324C8809500FB7E69 /* StoryBoardIntro */;
			targetProxy = C99CC2A924C8809600FB7E69 /* PBXContainerItemProxy */;
		};
/* End PBXTargetDependency section */

/* Begin PBXVariantGroup section */
		C99CC28D24C8809500FB7E69 /* Main.storyboard */ = {
			isa = PBXVariantGroup;
			children = (
				C99CC28E24C8809500FB7E69 /* Base */,
			);
			name = Main.storyboard;
			sourceTree = "<group>";
		};
		C99CC29524C8809600FB7E69 /* LaunchScreen.storyboard */ = {
			isa = PBXVariantGroup;
			children = (
				C99CC29624C8809600FB7E69 /* Base */,
			);
			name = LaunchScreen.storyboard;
			sourceTree = "<group>";
		};
/* End PBXVariantGroup section */

/* Begin XCBuildConfiguration section */
		C99CC2AF24C8809600FB7E69 /* Debug */ = {
			isa = XCBuildConfiguration;
			buildSettings = {
				ALWAYS_SEARCH_USER_PATHS = NO;
				CLANG_ANALYZER_NONNULL = YES;
				CLANG_ANALYZER_NUMBER_OBJECT_CONVERSION = YES_AGGRESSIVE;
				CLANG_CXX_LANGUAGE_STANDARD = "gnu++14";
				CLANG_CXX_LIBRARY = "libc++";
				CLANG_ENABLE_MODULES = YES;
				CLANG_ENABLE_OBJC_ARC = YES;
				CLANG_ENABLE_OBJC_WEAK = YES;
				CLANG_WARN_BLOCK_CAPTURE_AUTORELEASING = YES;
				CLANG_WARN_BOOL_CONVERSION = YES;
				CLANG_WARN_COMMA = YES;
				CLANG_WARN_CONSTANT_CONVERSION = YES;
				CLANG_WARN_DEPRECATED_OBJC_IMPLEMENTATIONS = YES;
				CLANG_WARN_DIRECT_OBJC_ISA_USAGE = YES_ERROR;
				CLANG_WARN_DOCUMENTATION_COMMENTS = YES;
				CLANG_WARN_EMPTY_BODY = YES;
				CLANG_WARN_ENUM_CONVERSION = YES;
				CLANG_WARN_INFINITE_RECURSION = YES;
				CLANG_WARN_INT_CONVERSION = YES;
				CLANG_WARN_NON_LITERAL_NULL_CONVERSION = YES;
				CLANG_WARN_OBJC_IMPLICIT_RETAIN_SELF = YES;
				CLANG_WARN_OBJC_LITERAL_CONVERSION = YES;
				CLANG_WARN_OBJC_ROOT_CLASS = YES_ERROR;
				CLANG_WARN_RANGE_LOOP_ANALYSIS = YES;
				CLANG_WARN_STRICT_PROTOTYPES = YES;
				CLANG_WARN_SUSPICIOUS_MOVE = YES;
				CLANG_WARN_UNGUARDED_AVAILABILITY = YES_AGGRESSIVE;
				CLANG_WARN_UNREACHABLE_CODE = YES;
				CLANG_WARN__DUPLICATE_METHOD_MATCH = YES;
				COPY_PHASE_STRIP = NO;
				DEBUG_INFORMATION_FORMAT = dwarf;
				ENABLE_STRICT_OBJC_MSGSEND = YES;
				ENABLE_TESTABILITY = YES;
				GCC_C_LANGUAGE_STANDARD = gnu11;
				GCC_DYNAMIC_NO_PIC = NO;
				GCC_NO_COMMON_BLOCKS = YES;
				GCC_OPTIMIZATION_LEVEL = 0;
				GCC_PREPROCESSOR_DEFINITIONS = (
					"DEBUG=1",
					"$(inherited)",
				);
				GCC_WARN_64_TO_32_BIT_CONVERSION = YES;
				GCC_WARN_ABOUT_RETURN_TYPE = YES_ERROR;
				GCC_WARN_UNDECLARED_SELECTOR = YES;
				GCC_WARN_UNINITIALIZED_AUTOS = YES_AGGRESSIVE;
				GCC_WARN_UNUSED_FUNCTION = YES;
				GCC_WARN_UNUSED_VARIABLE = YES;
				IPHONEOS_DEPLOYMENT_TARGET = 13.6;
				MTL_ENABLE_DEBUG_INFO = INCLUDE_SOURCE;
				MTL_FAST_MATH = YES;
				ONLY_ACTIVE_ARCH = YES;
				SDKROOT = iphoneos;
				SWIFT_ACTIVE_COMPILATION_CONDITIONS = DEBUG;
				SWIFT_OPTIMIZATION_LEVEL = "-Onone";
			};
			name = Debug;
		};
		C99CC2B024C8809600FB7E69 /* Release */ = {
			isa = XCBuildConfiguration;
			buildSettings = {
				ALWAYS_SEARCH_USER_PATHS = NO;
				CLANG_ANALYZER_NONNULL = YES;
				CLANG_ANALYZER_NUMBER_OBJECT_CONVERSION = YES_AGGRESSIVE;
				CLANG_CXX_LANGUAGE_STANDARD = "gnu++14";
				CLANG_CXX_LIBRARY = "libc++";
				CLANG_ENABLE_MODULES = YES;
				CLANG_ENABLE_OBJC_ARC = YES;
				CLANG_ENABLE_OBJC_WEAK = YES;
				CLANG_WARN_BLOCK_CAPTURE_AUTORELEASING = YES;
				CLANG_WARN_BOOL_CONVERSION = YES;
				CLANG_WARN_COMMA = YES;
				CLANG_WARN_CONSTANT_CONVERSION = YES;
				CLANG_WARN_DEPRECATED_OBJC_IMPLEMENTATIONS = YES;
				CLANG_WARN_DIRECT_OBJC_ISA_USAGE = YES_ERROR;
				CLANG_WARN_DOCUMENTATION_COMMENTS = YES;
				CLANG_WARN_EMPTY_BODY = YES;
				CLANG_WARN_ENUM_CONVERSION = YES;
				CLANG_WARN_INFINITE_RECURSION = YES;
				CLANG_WARN_INT_CONVERSION = YES;
				CLANG_WARN_NON_LITERAL_NULL_CONVERSION = YES;
				CLANG_WARN_OBJC_IMPLICIT_RETAIN_SELF = YES;
				CLANG_WARN_OBJC_LITERAL_CONVERSION = YES;
				CLANG_WARN_OBJC_ROOT_CLASS = YES_ERROR;
				CLANG_WARN_RANGE_LOOP_ANALYSIS = YES;
				CLANG_WARN_STRICT_PROTOTYPES = YES;
				CLANG_WARN_SUSPICIOUS_MOVE = YES;
				CLANG_WARN_UNGUARDED_AVAILABILITY = YES_AGGRESSIVE;
				CLANG_WARN_UNREACHABLE_CODE = YES;
				CLANG_WARN__DUPLICATE_METHOD_MATCH = YES;
				COPY_PHASE_STRIP = NO;
				DEBUG_INFORMATION_FORMAT = "dwarf-with-dsym";
				ENABLE_NS_ASSERTIONS = NO;
				ENABLE_STRICT_OBJC_MSGSEND = YES;
				GCC_C_LANGUAGE_STANDARD = gnu11;
				GCC_NO_COMMON_BLOCKS = YES;
				GCC_WARN_64_TO_32_BIT_CONVERSION = YES;
				GCC_WARN_ABOUT_RETURN_TYPE = YES_ERROR;
				GCC_WARN_UNDECLARED_SELECTOR = YES;
				GCC_WARN_UNINITIALIZED_AUTOS = YES_AGGRESSIVE;
				GCC_WARN_UNUSED_FUNCTION = YES;
				GCC_WARN_UNUSED_VARIABLE = YES;
				IPHONEOS_DEPLOYMENT_TARGET = 13.6;
				MTL_ENABLE_DEBUG_INFO = NO;
				MTL_FAST_MATH = YES;
				SDKROOT = iphoneos;
				SWIFT_COMPILATION_MODE = wholemodule;
				SWIFT_OPTIMIZATION_LEVEL = "-O";
				VALIDATE_PRODUCT = YES;
			};
			name = Release;
		};
		C99CC2B224C8809600FB7E69 /* Debug */ = {
			isa = XCBuildConfiguration;
			buildSettings = {
				ASSETCATALOG_COMPILER_APPICON_NAME = AppIcon;
				CODE_SIGN_STYLE = Automatic;
				INFOPLIST_FILE = StoryBoardIntro/Info.plist;
				LD_RUNPATH_SEARCH_PATHS = (
					"$(inherited)",
					"@executable_path/Frameworks",
				);
				PRODUCT_BUNDLE_IDENTIFIER = "Emma-Pearlman.StoryBoardIntro";
				PRODUCT_NAME = "$(TARGET_NAME)";
				SWIFT_VERSION = 5.0;
				TARGETED_DEVICE_FAMILY = "1,2";
			};
			name = Debug;
		};
		C99CC2B324C8809600FB7E69 /* Release */ = {
			isa = XCBuildConfiguration;
			buildSettings = {
				ASSETCATALOG_COMPILER_APPICON_NAME = AppIcon;
				CODE_SIGN_STYLE = Automatic;
				INFOPLIST_FILE = StoryBoardIntro/Info.plist;
				LD_RUNPATH_SEARCH_PATHS = (
					"$(inherited)",
					"@executable_path/Frameworks",
				);
				PRODUCT_BUNDLE_IDENTIFIER = "Emma-Pearlman.StoryBoardIntro";
				PRODUCT_NAME = "$(TARGET_NAME)";
				SWIFT_VERSION = 5.0;
				TARGETED_DEVICE_FAMILY = "1,2";
			};
			name = Release;
		};
		C99CC2B524C8809600FB7E69 /* Debug */ = {
			isa = XCBuildConfiguration;
			buildSettings = {
				ALWAYS_EMBED_SWIFT_STANDARD_LIBRARIES = YES;
				BUNDLE_LOADER = "$(TEST_HOST)";
				CODE_SIGN_STYLE = Automatic;
				INFOPLIST_FILE = StoryBoardIntroTests/Info.plist;
				IPHONEOS_DEPLOYMENT_TARGET = 13.6;
				LD_RUNPATH_SEARCH_PATHS = (
					"$(inherited)",
					"@executable_path/Frameworks",
					"@loader_path/Frameworks",
				);
				PRODUCT_BUNDLE_IDENTIFIER = "Emma-Pearlman.StoryBoardIntroTests";
				PRODUCT_NAME = "$(TARGET_NAME)";
				SWIFT_VERSION = 5.0;
				TARGETED_DEVICE_FAMILY = "1,2";
				TEST_HOST = "$(BUILT_PRODUCTS_DIR)/StoryBoardIntro.app/StoryBoardIntro";
			};
			name = Debug;
		};
		C99CC2B624C8809600FB7E69 /* Release */ = {
			isa = XCBuildConfiguration;
			buildSettings = {
				ALWAYS_EMBED_SWIFT_STANDARD_LIBRARIES = YES;
				BUNDLE_LOADER = "$(TEST_HOST)";
				CODE_SIGN_STYLE = Automatic;
				INFOPLIST_FILE = StoryBoardIntroTests/Info.plist;
				IPHONEOS_DEPLOYMENT_TARGET = 13.6;
				LD_RUNPATH_SEARCH_PATHS = (
					"$(inherited)",
					"@executable_path/Frameworks",
					"@loader_path/Frameworks",
				);
				PRODUCT_BUNDLE_IDENTIFIER = "Emma-Pearlman.StoryBoardIntroTests";
				PRODUCT_NAME = "$(TARGET_NAME)";
				SWIFT_VERSION = 5.0;
				TARGETED_DEVICE_FAMILY = "1,2";
				TEST_HOST = "$(BUILT_PRODUCTS_DIR)/StoryBoardIntro.app/StoryBoardIntro";
			};
			name = Release;
		};
		C99CC2B824C8809600FB7E69 /* Debug */ = {
			isa = XCBuildConfiguration;
			buildSettings = {
				ALWAYS_EMBED_SWIFT_STANDARD_LIBRARIES = YES;
				CODE_SIGN_STYLE = Automatic;
				INFOPLIST_FILE = StoryBoardIntroUITests/Info.plist;
				LD_RUNPATH_SEARCH_PATHS = (
					"$(inherited)",
					"@executable_path/Frameworks",
					"@loader_path/Frameworks",
				);
				PRODUCT_BUNDLE_IDENTIFIER = "Emma-Pearlman.StoryBoardIntroUITests";
				PRODUCT_NAME = "$(TARGET_NAME)";
				SWIFT_VERSION = 5.0;
				TARGETED_DEVICE_FAMILY = "1,2";
				TEST_TARGET_NAME = StoryBoardIntro;
			};
			name = Debug;
		};
		C99CC2B924C8809600FB7E69 /* Release */ = {
			isa = XCBuildConfiguration;
			buildSettings = {
				ALWAYS_EMBED_SWIFT_STANDARD_LIBRARIES = YES;
				CODE_SIGN_STYLE = Automatic;
				INFOPLIST_FILE = StoryBoardIntroUITests/Info.plist;
				LD_RUNPATH_SEARCH_PATHS = (
					"$(inherited)",
					"@executable_path/Frameworks",
					"@loader_path/Frameworks",
				);
				PRODUCT_BUNDLE_IDENTIFIER = "Emma-Pearlman.StoryBoardIntroUITests";
				PRODUCT_NAME = "$(TARGET_NAME)";
				SWIFT_VERSION = 5.0;
				TARGETED_DEVICE_FAMILY = "1,2";
				TEST_TARGET_NAME = StoryBoardIntro;
			};
			name = Release;
		};
/* End XCBuildConfiguration section */

/* Begin XCConfigurationList section */
		C99CC27F24C8809500FB7E69 /* Build configuration list for PBXProject "StoryBoardIntro" */ = {
			isa = XCConfigurationList;
			buildConfigurations = (
				C99CC2AF24C8809600FB7E69 /* Debug */,
				C99CC2B024C8809600FB7E69 /* Release */,
			);
			defaultConfigurationIsVisible = 0;
			defaultConfigurationName = Release;
		};
		C99CC2B124C8809600FB7E69 /* Build configuration list for PBXNativeTarget "StoryBoardIntro" */ = {
			isa = XCConfigurationList;
			buildConfigurations = (
				C99CC2B224C8809600FB7E69 /* Debug */,
				C99CC2B324C8809600FB7E69 /* Release */,
			);
			defaultConfigurationIsVisible = 0;
			defaultConfigurationName = Release;
		};
		C99CC2B424C8809600FB7E69 /* Build configuration list for PBXNativeTarget "StoryBoardIntroTests" */ = {
			isa = XCConfigurationList;
			buildConfigurations = (
				C99CC2B524C8809600FB7E69 /* Debug */,
				C99CC2B624C8809600FB7E69 /* Release */,
			);
			defaultConfigurationIsVisible = 0;
			defaultConfigurationName = Release;
		};
		C99CC2B724C8809600FB7E69 /* Build configuration list for PBXNativeTarget "StoryBoardIntroUITests" */ = {
			isa = XCConfigurationList;
			buildConfigurations = (
				C99CC2B824C8809600FB7E69 /* Debug */,
				C99CC2B924C8809600FB7E69 /* Release */,
			);
			defaultConfigurationIsVisible = 0;
			defaultConfigurationName = Release;
		};
/* End XCConfigurationList section */

/* Begin XCVersionGroup section */
		C99CC29024C8809500FB7E69 /* StoryBoardIntro.xcdatamodeld */ = {
			isa = XCVersionGroup;
			children = (
				C99CC29124C8809500FB7E69 /* StoryBoardIntro.xcdatamodel */,
			);
			currentVersion = C99CC29124C8809500FB7E69 /* StoryBoardIntro.xcdatamodel */;
			path = StoryBoardIntro.xcdatamodeld;
			sourceTree = "<group>";
			versionGroupType = wrapper.xcdatamodel;
		};
/* End XCVersionGroup section */
	};
	rootObject = C99CC27C24C8809500FB7E69 /* Project object */;
}
